Microsoft Visual Studio Solution File, Format Version 12.00
# Visual Studio 15
Project("{8BC9CEB8-8B4A-11D0-8D11-00A0C91BC942}") = "ALL_BUILD", "ALL_BUILD.vcxproj", "{445D242C-FB92-3A66-B1CC-7C99C371E0FA}"
	ProjectSection(ProjectDependencies) = postProject
		{FA98C60C-3164-3A1F-8D11-53ABD017986A} = {FA98C60C-3164-3A1F-8D11-53ABD017986A}
		{A24EEAC7-9D08-3E21-991C-9C917239BF69} = {A24EEAC7-9D08-3E21-991C-9C917239BF69}
		{21D40360-4AF8-3D59-B8DC-9C7E1DCB39A5} = {21D40360-4AF8-3D59-B8DC-9C7E1DCB39A5}
		{163E1662-15B4-3391-9C71-536A9410CD69} = {163E1662-15B4-3391-9C71-536A9410CD69}
		{61B93A1A-F16A-38FA-87AD-B29B0FFD3679} = {61B93A1A-F16A-38FA-87AD-B29B0FFD3679}
		{E33BA5A3-05D4-35A8-BC87-79AE1827D1DC} = {E33BA5A3-05D4-35A8-BC87-79AE1827D1DC}
		{DC1A294E-53D8-3647-B09D-C0F9B243BEA9} = {DC1A294E-53D8-3647-B09D-C0F9B243BEA9}
		{E8958441-F1B0-32A2-82F7-3A8B747548E0} = {E8958441-F1B0-32A2-82F7-3A8B747548E0}
		{8883ABA0-8430-374B-A559-E3C3B9B30602} = {8883ABA0-8430-374B-A559-E3C3B9B30602}
		{2388D934-8392-397F-B72E-558E32402BFB} = {2388D934-8392-397F-B72E-558E32402BFB}
	EndProjectSection
EndProject
Project("{8BC9CEB8-8B4A-11D0-8D11-00A0C91BC942}") = "INSTALL", "INSTALL.vcxproj", "{E8E57EE0-7A45-3389-AD99-23E795558697}"
	ProjectSection(ProjectDependencies) = postProject
		{445D242C-FB92-3A66-B1CC-7C99C371E0FA} = {445D242C-FB92-3A66-B1CC-7C99C371E0FA}
		{FA98C60C-3164-3A1F-8D11-53ABD017986A} = {FA98C60C-3164-3A1F-8D11-53ABD017986A}
	EndProjectSection
EndProject
Project("{8BC9CEB8-8B4A-11D0-8D11-00A0C91BC942}") = "ZERO_CHECK", "ZERO_CHECK.vcxproj", "{FA98C60C-3164-3A1F-8D11-53ABD017986A}"
	ProjectSection(ProjectDependencies) = postProject
	EndProjectSection
EndProject
Project("{8BC9CEB8-8B4A-11D0-8D11-00A0C91BC942}") = "gmock", "tests\googletest\googlemock\gmock.vcxproj", "{A24EEAC7-9D08-3E21-991C-9C917239BF69}"
	ProjectSection(ProjectDependencies) = postProject
		{FA98C60C-3164-3A1F-8D11-53ABD017986A} = {FA98C60C-3164-3A1F-8D11-53ABD017986A}
	EndProjectSection
EndProject
Project("{8BC9CEB8-8B4A-11D0-8D11-00A0C91BC942}") = "gmock_main", "tests\googletest\googlemock\gmock_main.vcxproj", "{21D40360-4AF8-3D59-B8DC-9C7E1DCB39A5}"
	ProjectSection(ProjectDependencies) = postProject
		{FA98C60C-3164-3A1F-8D11-53ABD017986A} = {FA98C60C-3164-3A1F-8D11-53ABD017986A}
	EndProjectSection
EndProject
Project("{8BC9CEB8-8B4A-11D0-8D11-00A0C91BC942}") = "gtest", "tests\googletest\googletest\gtest.vcxproj", "{163E1662-15B4-3391-9C71-536A9410CD69}"
	ProjectSection(ProjectDependencies) = postProject
		{FA98C60C-3164-3A1F-8D11-53ABD017986A} = {FA98C60C-3164-3A1F-8D11-53ABD017986A}
	EndProjectSection
EndProject
Project("{8BC9CEB8-8B4A-11D0-8D11-00A0C91BC942}") = "gtest_main", "tests\googletest\googletest\gtest_main.vcxproj", "{61B93A1A-F16A-38FA-87AD-B29B0FFD3679}"
	ProjectSection(ProjectDependencies) = postProject
		{FA98C60C-3164-3A1F-8D11-53ABD017986A} = {FA98C60C-3164-3A1F-8D11-53ABD017986A}
		{163E1662-15B4-3391-9C71-536A9410CD69} = {163E1662-15B4-3391-9C71-536A9410CD69}
	EndProjectSection
EndProject
Project("{8BC9CEB8-8B4A-11D0-8D11-00A0C91BC942}") = "inputhandler", "src\InputHandler\inputhandler.vcxproj", "{E33BA5A3-05D4-35A8-BC87-79AE1827D1DC}"
	ProjectSection(ProjectDependencies) = postProject
		{FA98C60C-3164-3A1F-8D11-53ABD017986A} = {FA98C60C-3164-3A1F-8D11-53ABD017986A}
		{2388D934-8392-397F-B72E-558E32402BFB} = {2388D934-8392-397F-B72E-558E32402BFB}
	EndProjectSection
EndProject
Project("{8BC9CEB8-8B4A-11D0-8D11-00A0C91BC942}") = "main", "src\main.vcxproj", "{DC1A294E-53D8-3647-B09D-C0F9B243BEA9}"
	ProjectSection(ProjectDependencies) = postProject
		{FA98C60C-3164-3A1F-8D11-53ABD017986A} = {FA98C60C-3164-3A1F-8D11-53ABD017986A}
		{E33BA5A3-05D4-35A8-BC87-79AE1827D1DC} = {E33BA5A3-05D4-35A8-BC87-79AE1827D1DC}
		{2388D934-8392-397F-B72E-558E32402BFB} = {2388D934-8392-397F-B72E-558E32402BFB}
	EndProjectSection
EndProject
Project("{8BC9CEB8-8B4A-11D0-8D11-00A0C91BC942}") = "test_inputhandler", "tests\test_inputhandler\test_inputhandler.vcxproj", "{E8958441-F1B0-32A2-82F7-3A8B747548E0}"
	ProjectSection(ProjectDependencies) = postProject
		{FA98C60C-3164-3A1F-8D11-53ABD017986A} = {FA98C60C-3164-3A1F-8D11-53ABD017986A}
		{163E1662-15B4-3391-9C71-536A9410CD69} = {163E1662-15B4-3391-9C71-536A9410CD69}
		{61B93A1A-F16A-38FA-87AD-B29B0FFD3679} = {61B93A1A-F16A-38FA-87AD-B29B0FFD3679}
		{E33BA5A3-05D4-35A8-BC87-79AE1827D1DC} = {E33BA5A3-05D4-35A8-BC87-79AE1827D1DC}
		{2388D934-8392-397F-B72E-558E32402BFB} = {2388D934-8392-397F-B72E-558E32402BFB}
	EndProjectSection
EndProject
Project("{8BC9CEB8-8B4A-11D0-8D11-00A0C91BC942}") = "test_utils", "tests\test_utils\test_utils.vcxproj", "{8883ABA0-8430-374B-A559-E3C3B9B30602}"
	ProjectSection(ProjectDependencies) = postProject
		{FA98C60C-3164-3A1F-8D11-53ABD017986A} = {FA98C60C-3164-3A1F-8D11-53ABD017986A}
		{163E1662-15B4-3391-9C71-536A9410CD69} = {163E1662-15B4-3391-9C71-536A9410CD69}
		{61B93A1A-F16A-38FA-87AD-B29B0FFD3679} = {61B93A1A-F16A-38FA-87AD-B29B0FFD3679}
		{2388D934-8392-397F-B72E-558E32402BFB} = {2388D934-8392-397F-B72E-558E32402BFB}
	EndProjectSection
EndProject
Project("{8BC9CEB8-8B4A-11D0-8D11-00A0C91BC942}") = "utils", "src\Utils\utils.vcxproj", "{2388D934-8392-397F-B72E-558E32402BFB}"
	ProjectSection(ProjectDependencies) = postProject
		{FA98C60C-3164-3A1F-8D11-53ABD017986A} = {FA98C60C-3164-3A1F-8D11-53ABD017986A}
	EndProjectSection
EndProject
Global
	GlobalSection(SolutionConfigurationPlatforms) = preSolution
		Debug|Win32 = Debug|Win32
		Release|Win32 = Release|Win32
		MinSizeRel|Win32 = MinSizeRel|Win32
		RelWithDebInfo|Win32 = RelWithDebInfo|Win32
	EndGlobalSection
	GlobalSection(ProjectConfigurationPlatforms) = postSolution
		{445D242C-FB92-3A66-B1CC-7C99C371E0FA}.Debug|Win32.ActiveCfg = Debug|Win32
		{445D242C-FB92-3A66-B1CC-7C99C371E0FA}.Debug|Win32.Build.0 = Debug|Win32
		{445D242C-FB92-3A66-B1CC-7C99C371E0FA}.Release|Win32.ActiveCfg = Release|Win32
		{445D242C-FB92-3A66-B1CC-7C99C371E0FA}.Release|Win32.Build.0 = Release|Win32
		{445D242C-FB92-3A66-B1CC-7C99C371E0FA}.MinSizeRel|Win32.ActiveCfg = MinSizeRel|Win32
		{445D242C-FB92-3A66-B1CC-7C99C371E0FA}.MinSizeRel|Win32.Build.0 = MinSizeRel|Win32
		{445D242C-FB92-3A66-B1CC-7C99C371E0FA}.RelWithDebInfo|Win32.ActiveCfg = RelWithDebInfo|Win32
		{445D242C-FB92-3A66-B1CC-7C99C371E0FA}.RelWithDebInfo|Win32.Build.0 = RelWithDebInfo|Win32
		{E8E57EE0-7A45-3389-AD99-23E795558697}.Debug|Win32.ActiveCfg = Debug|Win32
		{E8E57EE0-7A45-3389-AD99-23E795558697}.Release|Win32.ActiveCfg = Release|Win32
		{E8E57EE0-7A45-3389-AD99-23E795558697}.MinSizeRel|Win32.ActiveCfg = MinSizeRel|Win32
		{E8E57EE0-7A45-3389-AD99-23E795558697}.RelWithDebInfo|Win32.ActiveCfg = RelWithDebInfo|Win32
		{FA98C60C-3164-3A1F-8D11-53ABD017986A}.Debug|Win32.ActiveCfg = Debug|Win32
		{FA98C60C-3164-3A1F-8D11-53ABD017986A}.Debug|Win32.Build.0 = Debug|Win32
		{FA98C60C-3164-3A1F-8D11-53ABD017986A}.Release|Win32.ActiveCfg = Release|Win32
		{FA98C60C-3164-3A1F-8D11-53ABD017986A}.Release|Win32.Build.0 = Release|Win32
		{FA98C60C-3164-3A1F-8D11-53ABD017986A}.MinSizeRel|Win32.ActiveCfg = MinSizeRel|Win32
		{FA98C60C-3164-3A1F-8D11-53ABD017986A}.MinSizeRel|Win32.Build.0 = MinSizeRel|Win32
		{FA98C60C-3164-3A1F-8D11-53ABD017986A}.RelWithDebInfo|Win32.ActiveCfg = RelWithDebInfo|Win32
		{FA98C60C-3164-3A1F-8D11-53ABD017986A}.RelWithDebInfo|Win32.Build.0 = RelWithDebInfo|Win32
		{A24EEAC7-9D08-3E21-991C-9C917239BF69}.Debug|Win32.ActiveCfg = Debug|Win32
		{A24EEAC7-9D08-3E21-991C-9C917239BF69}.Debug|Win32.Build.0 = Debug|Win32
		{A24EEAC7-9D08-3E21-991C-9C917239BF69}.Release|Win32.ActiveCfg = Release|Win32
		{A24EEAC7-9D08-3E21-991C-9C917239BF69}.Release|Win32.Build.0 = Release|Win32
		{A24EEAC7-9D08-3E21-991C-9C917239BF69}.MinSizeRel|Win32.ActiveCfg = MinSizeRel|Win32
		{A24EEAC7-9D08-3E21-991C-9C917239BF69}.MinSizeRel|Win32.Build.0 = MinSizeRel|Win32
		{A24EEAC7-9D08-3E21-991C-9C917239BF69}.RelWithDebInfo|Win32.ActiveCfg = RelWithDebInfo|Win32
		{A24EEAC7-9D08-3E21-991C-9C917239BF69}.RelWithDebInfo|Win32.Build.0 = RelWithDebInfo|Win32
		{21D40360-4AF8-3D59-B8DC-9C7E1DCB39A5}.Debug|Win32.ActiveCfg = Debug|Win32
		{21D40360-4AF8-3D59-B8DC-9C7E1DCB39A5}.Debug|Win32.Build.0 = Debug|Win32
		{21D40360-4AF8-3D59-B8DC-9C7E1DCB39A5}.Release|Win32.ActiveCfg = Release|Win32
		{21D40360-4AF8-3D59-B8DC-9C7E1DCB39A5}.Release|Win32.Build.0 = Release|Win32
		{21D40360-4AF8-3D59-B8DC-9C7E1DCB39A5}.MinSizeRel|Win32.ActiveCfg = MinSizeRel|Win32
		{21D40360-4AF8-3D59-B8DC-9C7E1DCB39A5}.MinSizeRel|Win32.Build.0 = MinSizeRel|Win32
		{21D40360-4AF8-3D59-B8DC-9C7E1DCB39A5}.RelWithDebInfo|Win32.ActiveCfg = RelWithDebInfo|Win32
		{21D40360-4AF8-3D59-B8DC-9C7E1DCB39A5}.RelWithDebInfo|Win32.Build.0 = RelWithDebInfo|Win32
		{163E1662-15B4-3391-9C71-536A9410CD69}.Debug|Win32.ActiveCfg = Debug|Win32
		{163E1662-15B4-3391-9C71-536A9410CD69}.Debug|Win32.Build.0 = Debug|Win32
		{163E1662-15B4-3391-9C71-536A9410CD69}.Release|Win32.ActiveCfg = Release|Win32
		{163E1662-15B4-3391-9C71-536A9410CD69}.Release|Win32.Build.0 = Release|Win32
		{163E1662-15B4-3391-9C71-536A9410CD69}.MinSizeRel|Win32.ActiveCfg = MinSizeRel|Win32
		{163E1662-15B4-3391-9C71-536A9410CD69}.MinSizeRel|Win32.Build.0 = MinSizeRel|Win32
		{163E1662-15B4-3391-9C71-536A9410CD69}.RelWithDebInfo|Win32.ActiveCfg = RelWithDebInfo|Win32
		{163E1662-15B4-3391-9C71-536A9410CD69}.RelWithDebInfo|Win32.Build.0 = RelWithDebInfo|Win32
		{61B93A1A-F16A-38FA-87AD-B29B0FFD3679}.Debug|Win32.ActiveCfg = Debug|Win32
		{61B93A1A-F16A-38FA-87AD-B29B0FFD3679}.Debug|Win32.Build.0 = Debug|Win32
		{61B93A1A-F16A-38FA-87AD-B29B0FFD3679}.Release|Win32.ActiveCfg = Release|Win32
		{61B93A1A-F16A-38FA-87AD-B29B0FFD3679}.Release|Win32.Build.0 = Release|Win32
		{61B93A1A-F16A-38FA-87AD-B29B0FFD3679}.MinSizeRel|Win32.ActiveCfg = MinSizeRel|Win32
		{61B93A1A-F16A-38FA-87AD-B29B0FFD3679}.MinSizeRel|Win32.Build.0 = MinSizeRel|Win32
		{61B93A1A-F16A-38FA-87AD-B29B0FFD3679}.RelWithDebInfo|Win32.ActiveCfg = RelWithDebInfo|Win32
		{61B93A1A-F16A-38FA-87AD-B29B0FFD3679}.RelWithDebInfo|Win32.Build.0 = RelWithDebInfo|Win32
		{E33BA5A3-05D4-35A8-BC87-79AE1827D1DC}.Debug|Win32.ActiveCfg = Debug|Win32
		{E33BA5A3-05D4-35A8-BC87-79AE1827D1DC}.Debug|Win32.Build.0 = Debug|Win32
		{E33BA5A3-05D4-35A8-BC87-79AE1827D1DC}.Release|Win32.ActiveCfg = Release|Win32
		{E33BA5A3-05D4-35A8-BC87-79AE1827D1DC}.Release|Win32.Build.0 = Release|Win32
		{E33BA5A3-05D4-35A8-BC87-79AE1827D1DC}.MinSizeRel|Win32.ActiveCfg = MinSizeRel|Win32
		{E33BA5A3-05D4-35A8-BC87-79AE1827D1DC}.MinSizeRel|Win32.Build.0 = MinSizeRel|Win32
		{E33BA5A3-05D4-35A8-BC87-79AE1827D1DC}.RelWithDebInfo|Win32.ActiveCfg = RelWithDebInfo|Win32
		{E33BA5A3-05D4-35A8-BC87-79AE1827D1DC}.RelWithDebInfo|Win32.Build.0 = RelWithDebInfo|Win32
		{DC1A294E-53D8-3647-B09D-C0F9B243BEA9}.Debug|Win32.ActiveCfg = Debug|Win32
		{DC1A294E-53D8-3647-B09D-C0F9B243BEA9}.Debug|Win32.Build.0 = Debug|Win32
		{DC1A294E-53D8-3647-B09D-C0F9B243BEA9}.Release|Win32.ActiveCfg = Release|Win32
		{DC1A294E-53D8-3647-B09D-C0F9B243BEA9}.Release|Win32.Build.0 = Release|Win32
		{DC1A294E-53D8-3647-B09D-C0F9B243BEA9}.MinSizeRel|Win32.ActiveCfg = MinSizeRel|Win32
		{DC1A294E-53D8-3647-B09D-C0F9B243BEA9}.MinSizeRel|Win32.Build.0 = MinSizeRel|Win32
		{DC1A294E-53D8-3647-B09D-C0F9B243BEA9}.RelWithDebInfo|Win32.ActiveCfg = RelWithDebInfo|Win32
		{DC1A294E-53D8-3647-B09D-C0F9B243BEA9}.RelWithDebInfo|Win32.Build.0 = RelWithDebInfo|Win32
		{E8958441-F1B0-32A2-82F7-3A8B747548E0}.Debug|Win32.ActiveCfg = Debug|Win32
		{E8958441-F1B0-32A2-82F7-3A8B747548E0}.Debug|Win32.Build.0 = Debug|Win32
		{E8958441-F1B0-32A2-82F7-3A8B747548E0}.Release|Win32.ActiveCfg = Release|Win32
		{E8958441-F1B0-32A2-82F7-3A8B747548E0}.Release|Win32.Build.0 = Release|Win32
		{E8958441-F1B0-32A2-82F7-3A8B747548E0}.MinSizeRel|Win32.ActiveCfg = MinSizeRel|Win32
		{E8958441-F1B0-32A2-82F7-3A8B747548E0}.MinSizeRel|Win32.Build.0 = MinSizeRel|Win32
		{E8958441-F1B0-32A2-82F7-3A8B747548E0}.RelWithDebInfo|Win32.ActiveCfg = RelWithDebInfo|Win32
		{E8958441-F1B0-32A2-82F7-3A8B747548E0}.RelWithDebInfo|Win32.Build.0 = RelWithDebInfo|Win32
		{8883ABA0-8430-374B-A559-E3C3B9B30602}.Debug|Win32.ActiveCfg = Debug|Win32
		{8883ABA0-8430-374B-A559-E3C3B9B30602}.Debug|Win32.Build.0 = Debug|Win32
		{8883ABA0-8430-374B-A559-E3C3B9B30602}.Release|Win32.ActiveCfg = Release|Win32
		{8883ABA0-8430-374B-A559-E3C3B9B30602}.Release|Win32.Build.0 = Release|Win32
		{8883ABA0-8430-374B-A559-E3C3B9B30602}.MinSizeRel|Win32.ActiveCfg = MinSizeRel|Win32
		{8883ABA0-8430-374B-A559-E3C3B9B30602}.MinSizeRel|Win32.Build.0 = MinSizeRel|Win32
		{8883ABA0-8430-374B-A559-E3C3B9B30602}.RelWithDebInfo|Win32.ActiveCfg = RelWithDebInfo|Win32
		{8883ABA0-8430-374B-A559-E3C3B9B30602}.RelWithDebInfo|Win32.Build.0 = RelWithDebInfo|Win32
		{2388D934-8392-397F-B72E-558E32402BFB}.Debug|Win32.ActiveCfg = Debug|Win32
		{2388D934-8392-397F-B72E-558E32402BFB}.Debug|Win32.Build.0 = Debug|Win32
		{2388D934-8392-397F-B72E-558E32402BFB}.Release|Win32.ActiveCfg = Release|Win32
		{2388D934-8392-397F-B72E-558E32402BFB}.Release|Win32.Build.0 = Release|Win32
		{2388D934-8392-397F-B72E-558E32402BFB}.MinSizeRel|Win32.ActiveCfg = MinSizeRel|Win32
		{2388D934-8392-397F-B72E-558E32402BFB}.MinSizeRel|Win32.Build.0 = MinSizeRel|Win32
		{2388D934-8392-397F-B72E-558E32402BFB}.RelWithDebInfo|Win32.ActiveCfg = RelWithDebInfo|Win32
		{2388D934-8392-397F-B72E-558E32402BFB}.RelWithDebInfo|Win32.Build.0 = RelWithDebInfo|Win32
	EndGlobalSection
	GlobalSection(ExtensibilityGlobals) = postSolution
		SolutionGuid = {D591B7A5-3DBF-38A8-8920-D5734D91BC20}
	EndGlobalSection
	GlobalSection(ExtensibilityAddIns) = postSolution
	EndGlobalSection
EndGlobal
